// !$*UTF8*$!
{
	archiveVersion = 1;
	classes = {
	};
	objectVersion = 50;
	objects = {

/* Begin PBXBuildFile section */
		35FAE45E262F453B0028561C /* AppDelegate.swift in Sources */ = {isa = PBXBuildFile; fileRef = 35FAE45D262F453B0028561C /* AppDelegate.swift */; };
		35FAE460262F453B0028561C /* SceneDelegate.swift in Sources */ = {isa = PBXBuildFile; fileRef = 35FAE45F262F453B0028561C /* SceneDelegate.swift */; };
		35FAE462262F453B0028561C /* ViewController.swift in Sources */ = {isa = PBXBuildFile; fileRef = 35FAE461262F453B0028561C /* ViewController.swift */; };
		35FAE465262F453B0028561C /* Main.storyboard in Resources */ = {isa = PBXBuildFile; fileRef = 35FAE463262F453B0028561C /* Main.storyboard */; };
		35FAE467262F453C0028561C /* Assets.xcassets in Resources */ = {isa = PBXBuildFile; fileRef = 35FAE466262F453C0028561C /* Assets.xcassets */; };
		35FAE46A262F453C0028561C /* LaunchScreen.storyboard in Resources */ = {isa = PBXBuildFile; fileRef = 35FAE468262F453C0028561C /* LaunchScreen.storyboard */; };
		35FAE473262F4A4B0028561C /* Authorization.swift in Sources */ = {isa = PBXBuildFile; fileRef = 35FAE472262F4A4B0028561C /* Authorization.swift */; };
		35FAE476262F4CB80028561C /* GoogleService-Info.plist in Resources */ = {isa = PBXBuildFile; fileRef = 35FAE475262F4CB80028561C /* GoogleService-Info.plist */; };
		488A8EBD0E70B2F9F2BBDF67 /* Pods_authorization.framework in Frameworks */ = {isa = PBXBuildFile; fileRef = 20773099DDFB6D5331BEA09F /* Pods_authorization.framework */; };
/* End PBXBuildFile section */

/* Begin PBXFileReference section */
		20773099DDFB6D5331BEA09F /* Pods_authorization.framework */ = {isa = PBXFileReference; explicitFileType = wrapper.framework; includeInIndex = 0; path = Pods_authorization.framework; sourceTree = BUILT_PRODUCTS_DIR; };
		35FAE45A262F453B0028561C /* authorization.app */ = {isa = PBXFileReference; explicitFileType = wrapper.application; includeInIndex = 0; path = authorization.app; sourceTree = BUILT_PRODUCTS_DIR; };
		35FAE45D262F453B0028561C /* AppDelegate.swift */ = {isa = PBXFileReference; lastKnownFileType = sourcecode.swift; path = AppDelegate.swift; sourceTree = "<group>"; };
		35FAE45F262F453B0028561C /* SceneDelegate.swift */ = {isa = PBXFileReference; lastKnownFileType = sourcecode.swift; path = SceneDelegate.swift; sourceTree = "<group>"; };
		35FAE461262F453B0028561C /* ViewController.swift */ = {isa = PBXFileReference; lastKnownFileType = sourcecode.swift; path = ViewController.swift; sourceTree = "<group>"; };
		35FAE464262F453B0028561C /* Base */ = {isa = PBXFileReference; lastKnownFileType = file.storyboard; name = Base; path = Base.lproj/Main.storyboard; sourceTree = "<group>"; };
		35FAE466262F453C0028561C /* Assets.xcassets */ = {isa = PBXFileReference; lastKnownFileType = folder.assetcatalog; path = Assets.xcassets; sourceTree = "<group>"; };
		35FAE469262F453C0028561C /* Base */ = {isa = PBXFileReference; lastKnownFileType = file.storyboard; name = Base; path = Base.lproj/LaunchScreen.storyboard; sourceTree = "<group>"; };
		35FAE46B262F453C0028561C /* Info.plist */ = {isa = PBXFileReference; lastKnownFileType = text.plist.xml; path = Info.plist; sourceTree = "<group>"; };
		35FAE472262F4A4B0028561C /* Authorization.swift */ = {isa = PBXFileReference; lastKnownFileType = sourcecode.swift; path = Authorization.swift; sourceTree = "<group>"; };
		35FAE475262F4CB80028561C /* GoogleService-Info.plist */ = {isa = PBXFileReference; fileEncoding = 4; lastKnownFileType = text.plist.xml; path = "GoogleService-Info.plist"; sourceTree = "<group>"; };
		63C581EC269C40FFADD01E5B /* Pods-authorization.release.xcconfig */ = {isa = PBXFileReference; includeInIndex = 1; lastKnownFileType = text.xcconfig; name = "Pods-authorization.release.xcconfig"; path = "Target Support Files/Pods-authorization/Pods-authorization.release.xcconfig"; sourceTree = "<group>"; };
		AD4FC9975EFF4BC7589D7CBA /* Pods-authorization.debug.xcconfig */ = {isa = PBXFileReference; includeInIndex = 1; lastKnownFileType = text.xcconfig; name = "Pods-authorization.debug.xcconfig"; path = "Target Support Files/Pods-authorization/Pods-authorization.debug.xcconfig"; sourceTree = "<group>"; };
/* End PBXFileReference section */

/* Begin PBXFrameworksBuildPhase section */
		35FAE457262F453B0028561C /* Frameworks */ = {
			isa = PBXFrameworksBuildPhase;
			buildActionMask = 2147483647;
			files = (
				488A8EBD0E70B2F9F2BBDF67 /* Pods_authorization.framework in Frameworks */,
			);
			runOnlyForDeploymentPostprocessing = 0;
		};
/* End PBXFrameworksBuildPhase section */

/* Begin PBXGroup section */
		35FAE451262F453B0028561C = {
			isa = PBXGroup;
			children = (
				35FAE45C262F453B0028561C /* authorization */,
				35FAE45B262F453B0028561C /* Products */,
				5F93955B7B992FC98A3CE7C1 /* Pods */,
				862E49716FBE735A3BABE872 /* Frameworks */,
			);
			sourceTree = "<group>";
		};
		35FAE45B262F453B0028561C /* Products */ = {
			isa = PBXGroup;
			children = (
				35FAE45A262F453B0028561C /* authorization.app */,
			);
			name = Products;
			sourceTree = "<group>";
		};
		35FAE45C262F453B0028561C /* authorization */ = {
			isa = PBXGroup;
			children = (
				35FAE45D262F453B0028561C /* AppDelegate.swift */,
				35FAE45F262F453B0028561C /* SceneDelegate.swift */,
				35FAE461262F453B0028561C /* ViewController.swift */,
				35FAE472262F4A4B0028561C /* Authorization.swift */,
				35FAE463262F453B0028561C /* Main.storyboard */,
				35FAE466262F453C0028561C /* Assets.xcassets */,
				35FAE468262F453C0028561C /* LaunchScreen.storyboard */,
				35FAE475262F4CB80028561C /* GoogleService-Info.plist */,
				35FAE46B262F453C0028561C /* Info.plist */,
			);
			path = authorization;
			sourceTree = "<group>";
		};
		5F93955B7B992FC98A3CE7C1 /* Pods */ = {
			isa = PBXGroup;
			children = (
				AD4FC9975EFF4BC7589D7CBA /* Pods-authorization.debug.xcconfig */,
				63C581EC269C40FFADD01E5B /* Pods-authorization.release.xcconfig */,
			);
			name = Pods;
			path = Pods;
			sourceTree = "<group>";
		};
		862E49716FBE735A3BABE872 /* Frameworks */ = {
			isa = PBXGroup;
			children = (
				20773099DDFB6D5331BEA09F /* Pods_authorization.framework */,
			);
			name = Frameworks;
			sourceTree = "<group>";
		};
/* End PBXGroup section */

/* Begin PBXNativeTarget section */
		35FAE459262F453B0028561C /* authorization */ = {
			isa = PBXNativeTarget;
			buildConfigurationList = 35FAE46E262F453C0028561C /* Build configuration list for PBXNativeTarget "authorization" */;
			buildPhases = (
				EC28CC63ACC11634A0AA605B /* [CP] Check Pods Manifest.lock */,
				35FAE456262F453B0028561C /* Sources */,
				35FAE457262F453B0028561C /* Frameworks */,
				35FAE458262F453B0028561C /* Resources */,
				B5FF5F1571B492C1ACD84E68 /* [CP] Embed Pods Frameworks */,
			);
			buildRules = (
			);
			dependencies = (
			);
			name = authorization;
			productName = authorization;
			productReference = 35FAE45A262F453B0028561C /* authorization.app */;
			productType = "com.apple.product-type.application";
		};
/* End PBXNativeTarget section */

/* Begin PBXProject section */
		35FAE452262F453B0028561C /* Project object */ = {
			isa = PBXProject;
			attributes = {
				LastSwiftUpdateCheck = 1240;
				LastUpgradeCheck = 1240;
				TargetAttributes = {
					35FAE459262F453B0028561C = {
						CreatedOnToolsVersion = 12.4;
					};
				};
			};
			buildConfigurationList = 35FAE455262F453B0028561C /* Build configuration list for PBXProject "authorization" */;
			compatibilityVersion = "Xcode 9.3";
			developmentRegion = en;
			hasScannedForEncodings = 0;
			knownRegions = (
				en,
				Base,
			);
			mainGroup = 35FAE451262F453B0028561C;
			productRefGroup = 35FAE45B262F453B0028561C /* Products */;
			projectDirPath = "";
			projectRoot = "";
			targets = (
				35FAE459262F453B0028561C /* authorization */,
			);
		};
/* End PBXProject section */

/* Begin PBXResourcesBuildPhase section */
		35FAE458262F453B0028561C /* Resources */ = {
			isa = PBXResourcesBuildPhase;
			buildActionMask = 2147483647;
			files = (
				35FAE46A262F453C0028561C /* LaunchScreen.storyboard in Resources */,
				35FAE476262F4CB80028561C /* GoogleService-Info.plist in Resources */,
				35FAE467262F453C0028561C /* Assets.xcassets in Resources */,
				35FAE465262F453B0028561C /* Main.storyboard in Resources */,
			);
			runOnlyForDeploymentPostprocessing = 0;
		};
/* End PBXResourcesBuildPhase section */

/* Begin PBXShellScriptBuildPhase section */
		B5FF5F1571B492C1ACD84E68 /* [CP] Embed Pods Frameworks */ = {
			isa = PBXShellScriptBuildPhase;
			buildActionMask = 2147483647;
			files = (
			);
			inputFileListPaths = (
				"${PODS_ROOT}/Target Support Files/Pods-authorization/Pods-authorization-frameworks-${CONFIGURATION}-input-files.xcfilelist",
			);
			name = "[CP] Embed Pods Frameworks";
			outputFileListPaths = (
				"${PODS_ROOT}/Target Support Files/Pods-authorization/Pods-authorization-frameworks-${CONFIGURATION}-output-files.xcfilelist",
			);
			runOnlyForDeploymentPostprocessing = 0;
			shellPath = /bin/sh;
			shellScript = "\"${PODS_ROOT}/Target Support Files/Pods-authorization/Pods-authorization-frameworks.sh\"\n";
			showEnvVarsInLog = 0;
		};
		EC28CC63ACC11634A0AA605B /* [CP] Check Pods Manifest.lock */ = {
			isa = PBXShellScriptBuildPhase;
			buildActionMask = 2147483647;
			files = (
			);
			inputFileListPaths = (
			);
			inputPaths = (
				"${PODS_PODFILE_DIR_PATH}/Podfile.lock",
				"${PODS_ROOT}/Manifest.lock",
			);
			name = "[CP] Check Pods Manifest.lock";
			outputFileListPaths = (
			);
			outputPaths = (
				"$(DERIVED_FILE_DIR)/Pods-authorization-checkManifestLockResult.txt",
			);
			runOnlyForDeploymentPostprocessing = 0;
			shellPath = /bin/sh;
			shellScript = "diff \"${PODS_PODFILE_DIR_PATH}/Podfile.lock\" \"${PODS_ROOT}/Manifest.lock\" > /dev/null\nif [ $? != 0 ] ; then\n    # print error to STDERR\n    echo \"error: The sandbox is not in sync with the Podfile.lock. Run 'pod install' or update your CocoaPods installation.\" >&2\n    exit 1\nfi\n# This output is used by Xcode 'outputs' to avoid re-running this script phase.\necho \"SUCCESS\" > \"${SCRIPT_OUTPUT_FILE_0}\"\n";
			showEnvVarsInLog = 0;
		};
/* End PBXShellScriptBuildPhase section */

/* Begin PBXSourcesBuildPhase section */
		35FAE456262F453B0028561C /* Sources */ = {
			isa = PBXSourcesBuildPhase;
			buildActionMask = 2147483647;
			files = (
				35FAE462262F453B0028561C /* ViewController.swift in Sources */,
				35FAE45E262F453B0028561C /* AppDelegate.swift in Sources */,
				35FAE460262F453B0028561C /* SceneDelegate.swift in Sources */,
				35FAE473262F4A4B0028561C /* Authorization.swift in Sources */,
			);
			runOnlyForDeploymentPostprocessing = 0;
		};
/* End PBXSourcesBuildPhase section */

/* Begin PBXVariantGroup section */
		35FAE463262F453B0028561C /* Main.storyboard */ = {
			isa = PBXVariantGroup;
			children = (
				35FAE464262F453B0028561C /* Base */,
			);
			name = Main.storyboard;
			sourceTree = "<group>";
		};
		35FAE468262F453C0028561C /* LaunchScreen.storyboard */ = {
			isa = PBXVariantGroup;
			children = (
				35FAE469262F453C0028561C /* Base */,
			);
			name = LaunchScreen.storyboard;
			sourceTree = "<group>";
		};
/* End PBXVariantGroup section */

/* Begin XCBuildConfiguration section */
		35FAE46C262F453C0028561C /* Debug */ = {
			isa = XCBuildConfiguration;
			buildSettings = {
				ALWAYS_SEARCH_USER_PATHS = NO;
				CLANG_ANALYZER_NONNULL = YES;
				CLANG_ANALYZER_NUMBER_OBJECT_CONVERSION = YES_AGGRESSIVE;
				CLANG_CXX_LANGUAGE_STANDARD = "gnu++14";
				CLANG_CXX_LIBRARY = "libc++";
				CLANG_ENABLE_MODULES = YES;
				CLANG_ENABLE_OBJC_ARC = YES;
				CLANG_ENABLE_OBJC_WEAK = YES;
				CLANG_WARN_BLOCK_CAPTURE_AUTORELEASING = YES;
				CLANG_WARN_BOOL_CONVERSION = YES;
				CLANG_WARN_COMMA = YES;
				CLANG_WARN_CONSTANT_CONVERSION = YES;
				CLANG_WARN_DEPRECATED_OBJC_IMPLEMENTATIONS = YES;
				CLANG_WARN_DIRECT_OBJC_ISA_USAGE = YES_ERROR;
				CLANG_WARN_DOCUMENTATION_COMMENTS = YES;
				CLANG_WARN_EMPTY_BODY = YES;
				CLANG_WARN_ENUM_CONVERSION = YES;
				CLANG_WARN_INFINITE_RECURSION = YES;
				CLANG_WARN_INT_CONVERSION = YES;
				CLANG_WARN_NON_LITERAL_NULL_CONVERSION = YES;
				CLANG_WARN_OBJC_IMPLICIT_RETAIN_SELF = YES;
				CLANG_WARN_OBJC_LITERAL_CONVERSION = YES;
				CLANG_WARN_OBJC_ROOT_CLASS = YES_ERROR;
				CLANG_WARN_QUOTED_INCLUDE_IN_FRAMEWORK_HEADER = YES;
				CLANG_WARN_RANGE_LOOP_ANALYSIS = YES;
				CLANG_WARN_STRICT_PROTOTYPES = YES;
				CLANG_WARN_SUSPICIOUS_MOVE = YES;
				CLANG_WARN_UNGUARDED_AVAILABILITY = YES_AGGRESSIVE;
				CLANG_WARN_UNREACHABLE_CODE = YES;
				CLANG_WARN__DUPLICATE_METHOD_MATCH = YES;
				COPY_PHASE_STRIP = NO;
				DEBUG_INFORMATION_FORMAT = dwarf;
				ENABLE_STRICT_OBJC_MSGSEND = YES;
				ENABLE_TESTABILITY = YES;
				GCC_C_LANGUAGE_STANDARD = gnu11;
				GCC_DYNAMIC_NO_PIC = NO;
				GCC_NO_COMMON_BLOCKS = YES;
				GCC_OPTIMIZATION_LEVEL = 0;
				GCC_PREPROCESSOR_DEFINITIONS = (
					"DEBUG=1",
					"$(inherited)",
				);
				GCC_WARN_64_TO_32_BIT_CONVERSION = YES;
				GCC_WARN_ABOUT_RETURN_TYPE = YES_ERROR;
				GCC_WARN_UNDECLARED_SELECTOR = YES;
				GCC_WARN_UNINITIALIZED_AUTOS = YES_AGGRESSIVE;
				GCC_WARN_UNUSED_FUNCTION = YES;
				GCC_WARN_UNUSED_VARIABLE = YES;
				IPHONEOS_DEPLOYMENT_TARGET = 14.4;
				MTL_ENABLE_DEBUG_INFO = INCLUDE_SOURCE;
				MTL_FAST_MATH = YES;
				ONLY_ACTIVE_ARCH = YES;
				SDKROOT = iphoneos;
				SWIFT_ACTIVE_COMPILATION_CONDITIONS = DEBUG;
				SWIFT_OPTIMIZATION_LEVEL = "-Onone";
			};
			name = Debug;
		};
		35FAE46D262F453C0028561C /* Release */ = {
			isa = XCBuildConfiguration;
			buildSettings = {
				ALWAYS_SEARCH_USER_PATHS = NO;
				CLANG_ANALYZER_NONNULL = YES;
				CLANG_ANALYZER_NUMBER_OBJECT_CONVERSION = YES_AGGRESSIVE;
				CLANG_CXX_LANGUAGE_STANDARD = "gnu++14";
				CLANG_CXX_LIBRARY = "libc++";
				CLANG_ENABLE_MODULES = YES;
				CLANG_ENABLE_OBJC_ARC = YES;
				CLANG_ENABLE_OBJC_WEAK = YES;
				CLANG_WARN_BLOCK_CAPTURE_AUTORELEASING = YES;
				CLANG_WARN_BOOL_CONVERSION = YES;
				CLANG_WARN_COMMA = YES;
				CLANG_WARN_CONSTANT_CONVERSION = YES;
				CLANG_WARN_DEPRECATED_OBJC_IMPLEMENTATIONS = YES;
				CLANG_WARN_DIRECT_OBJC_ISA_USAGE = YES_ERROR;
				CLANG_WARN_DOCUMENTATION_COMMENTS = YES;
				CLANG_WARN_EMPTY_BODY = YES;
				CLANG_WARN_ENUM_CONVERSION = YES;
				CLANG_WARN_INFINITE_RECURSION = YES;
				CLANG_WARN_INT_CONVERSION = YES;
				CLANG_WARN_NON_LITERAL_NULL_CONVERSION = YES;
				CLANG_WARN_OBJC_IMPLICIT_RETAIN_SELF = YES;
				CLANG_WARN_OBJC_LITERAL_CONVERSION = YES;
				CLANG_WARN_OBJC_ROOT_CLASS = YES_ERROR;
				CLANG_WARN_QUOTED_INCLUDE_IN_FRAMEWORK_HEADER = YES;
				CLANG_WARN_RANGE_LOOP_ANALYSIS = YES;
				CLANG_WARN_STRICT_PROTOTYPES = YES;
				CLANG_WARN_SUSPICIOUS_MOVE = YES;
				CLANG_WARN_UNGUARDED_AVAILABILITY = YES_AGGRESSIVE;
				CLANG_WARN_UNREACHABLE_CODE = YES;
				CLANG_WARN__DUPLICATE_METHOD_MATCH = YES;
				COPY_PHASE_STRIP = NO;
				DEBUG_INFORMATION_FORMAT = "dwarf-with-dsym";
				ENABLE_NS_ASSERTIONS = NO;
				ENABLE_STRICT_OBJC_MSGSEND = YES;
				GCC_C_LANGUAGE_STANDARD = gnu11;
				GCC_NO_COMMON_BLOCKS = YES;
				GCC_WARN_64_TO_32_BIT_CONVERSION = YES;
				GCC_WARN_ABOUT_RETURN_TYPE = YES_ERROR;
				GCC_WARN_UNDECLARED_SELECTOR = YES;
				GCC_WARN_UNINITIALIZED_AUTOS = YES_AGGRESSIVE;
				GCC_WARN_UNUSED_FUNCTION = YES;
				GCC_WARN_UNUSED_VARIABLE = YES;
				IPHONEOS_DEPLOYMENT_TARGET = 14.4;
				MTL_ENABLE_DEBUG_INFO = NO;
				MTL_FAST_MATH = YES;
				SDKROOT = iphoneos;
				SWIFT_COMPILATION_MODE = wholemodule;
				SWIFT_OPTIMIZATION_LEVEL = "-O";
				VALIDATE_PRODUCT = YES;
			};
			name = Release;
		};
		35FAE46F262F453C0028561C /* Debug */ = {
			isa = XCBuildConfiguration;
			baseConfigurationReference = AD4FC9975EFF4BC7589D7CBA /* Pods-authorization.debug.xcconfig */;
			buildSettings = {
				ASSETCATALOG_COMPILER_APPICON_NAME = AppIcon;
				ASSETCATALOG_COMPILER_GLOBAL_ACCENT_COLOR_NAME = AccentColor;
				CODE_SIGN_STYLE = Automatic;
				DEVELOPMENT_TEAM = R37S426U66;
				INFOPLIST_FILE = authorization/Info.plist;
				LD_RUNPATH_SEARCH_PATHS = (
					"$(inherited)",
					"@executable_path/Frameworks",
				);
				PRODUCT_BUNDLE_IDENTIFIER = nik.authorization;
				PRODUCT_NAME = "$(TARGET_NAME)";
				SWIFT_VERSION = 5.0;
				TARGETED_DEVICE_FAMILY = "1,2";
			};
			name = Debug;
		};
		35FAE470262F453C0028561C /* Release */ = {
			isa = XCBuildConfiguration;
			baseConfigurationReference = 63C581EC269C40FFADD01E5B /* Pods-authorization.release.xcconfig */;
			buildSettings = {
				ASSETCATALOG_COMPILER_APPICON_NAME = AppIcon;
				ASSETCATALOG_COMPILER_GLOBAL_ACCENT_COLOR_NAME = AccentColor;
				CODE_SIGN_STYLE = Automatic;
				DEVELOPMENT_TEAM = R37S426U66;
				INFOPLIST_FILE = authorization/Info.plist;
				LD_RUNPATH_SEARCH_PATHS = (
					"$(inherited)",
					"@executable_path/Frameworks",
				);
				PRODUCT_BUNDLE_IDENTIFIER = nik.authorization;
				PRODUCT_NAME = "$(TARGET_NAME)";
				SWIFT_VERSION = 5.0;
				TARGETED_DEVICE_FAMILY = "1,2";
			};
			name = Release;
		};
/* End XCBuildConfiguration section */

/* Begin XCConfigurationList section */
		35FAE455262F453B0028561C /* Build configuration list for PBXProject "authorization" */ = {
			isa = XCConfigurationList;
			buildConfigurations = (
				35FAE46C262F453C0028561C /* Debug */,
				35FAE46D262F453C0028561C /* Release */,
			);
			defaultConfigurationIsVisible = 0;
			defaultConfigurationName = Release;
		};
		35FAE46E262F453C0028561C /* Build configuration list for PBXNativeTarget "authorization" */ = {
			isa = XCConfigurationList;
			buildConfigurations = (
				35FAE46F262F453C0028561C /* Debug */,
				35FAE470262F453C0028561C /* Release */,
			);
			defaultConfigurationIsVisible = 0;
			defaultConfigurationName = Release;
		};
/* End XCConfigurationList section */
	};
	rootObject = 35FAE452262F453B0028561C /* Project object */;
}
